// !$*UTF8*$!
{
	archiveVersion = 1;
	classes = {
	};
	objectVersion = 50;
	objects = {

/* Begin PBXBuildFile section */
		3904BF3220BD323400CA6582 /* AppDelegate.m in Sources */ = {isa = PBXBuildFile; fileRef = 3904BF3120BD323400CA6582 /* AppDelegate.m */; };
		3904BF3520BD323500CA6582 /* ViewController.m in Sources */ = {isa = PBXBuildFile; fileRef = 3904BF3420BD323500CA6582 /* ViewController.m */; };
		3904BF3820BD323500CA6582 /* Main.storyboard in Resources */ = {isa = PBXBuildFile; fileRef = 3904BF3620BD323500CA6582 /* Main.storyboard */; };
		3904BF3A20BD324D00CA6582 /* Assets.xcassets in Resources */ = {isa = PBXBuildFile; fileRef = 3904BF3920BD324D00CA6582 /* Assets.xcassets */; };
		3904BF3D20BD324D00CA6582 /* LaunchScreen.storyboard in Resources */ = {isa = PBXBuildFile; fileRef = 3904BF3B20BD324D00CA6582 /* LaunchScreen.storyboard */; };
		3904BF4020BD324D00CA6582 /* main.m in Sources */ = {isa = PBXBuildFile; fileRef = 3904BF3F20BD324D00CA6582 /* main.m */; };
		3904BF4A20BD324D00CA6582 /* HiphopTests.m in Sources */ = {isa = PBXBuildFile; fileRef = 3904BF4920BD324D00CA6582 /* HiphopTests.m */; };
		3904BF5520BD324D00CA6582 /* HiphopUITests.m in Sources */ = {isa = PBXBuildFile; fileRef = 3904BF5420BD324D00CA6582 /* HiphopUITests.m */; };
/* End PBXBuildFile section */

/* Begin PBXContainerItemProxy section */
		3904BF4620BD324D00CA6582 /* PBXContainerItemProxy */ = {
			isa = PBXContainerItemProxy;
			containerPortal = 3904BF2520BD323400CA6582 /* Project object */;
			proxyType = 1;
			remoteGlobalIDString = 3904BF2C20BD323400CA6582;
			remoteInfo = Hiphop;
		};
		3904BF5120BD324D00CA6582 /* PBXContainerItemProxy */ = {
			isa = PBXContainerItemProxy;
			containerPortal = 3904BF2520BD323400CA6582 /* Project object */;
			proxyType = 1;
			remoteGlobalIDString = 3904BF2C20BD323400CA6582;
			remoteInfo = Hiphop;
		};
/* End PBXContainerItemProxy section */

/* Begin PBXFileReference section */
		3904BF2D20BD323400CA6582 /* Hiphop.app */ = {isa = PBXFileReference; explicitFileType = wrapper.application; includeInIndex = 0; path = Hiphop.app; sourceTree = BUILT_PRODUCTS_DIR; };
		3904BF3020BD323400CA6582 /* AppDelegate.h */ = {isa = PBXFileReference; lastKnownFileType = sourcecode.c.h; path = AppDelegate.h; sourceTree = "<group>"; };
		3904BF3120BD323400CA6582 /* AppDelegate.m */ = {isa = PBXFileReference; lastKnownFileType = sourcecode.c.objc; path = AppDelegate.m; sourceTree = "<group>"; };
		3904BF3320BD323500CA6582 /* ViewController.h */ = {isa = PBXFileReference; lastKnownFileType = sourcecode.c.h; path = ViewController.h; sourceTree = "<group>"; };
		3904BF3420BD323500CA6582 /* ViewController.m */ = {isa = PBXFileReference; lastKnownFileType = sourcecode.c.objc; path = ViewController.m; sourceTree = "<group>"; };
		3904BF3720BD323500CA6582 /* Base */ = {isa = PBXFileReference; lastKnownFileType = file.storyboard; name = Base; path = Base.lproj/Main.storyboard; sourceTree = "<group>"; };
		3904BF3920BD324D00CA6582 /* Assets.xcassets */ = {isa = PBXFileReference; lastKnownFileType = folder.assetcatalog; path = Assets.xcassets; sourceTree = "<group>"; };
		3904BF3C20BD324D00CA6582 /* Base */ = {isa = PBXFileReference; lastKnownFileType = file.storyboard; name = Base; path = Base.lproj/LaunchScreen.storyboard; sourceTree = "<group>"; };
		3904BF3E20BD324D00CA6582 /* Info.plist */ = {isa = PBXFileReference; lastKnownFileType = text.plist.xml; path = Info.plist; sourceTree = "<group>"; };
		3904BF3F20BD324D00CA6582 /* main.m */ = {isa = PBXFileReference; lastKnownFileType = sourcecode.c.objc; path = main.m; sourceTree = "<group>"; };
		3904BF4520BD324D00CA6582 /* HiphopTests.xctest */ = {isa = PBXFileReference; explicitFileType = wrapper.cfbundle; includeInIndex = 0; path = HiphopTests.xctest; sourceTree = BUILT_PRODUCTS_DIR; };
		3904BF4920BD324D00CA6582 /* HiphopTests.m */ = {isa = PBXFileReference; lastKnownFileType = sourcecode.c.objc; path = HiphopTests.m; sourceTree = "<group>"; };
		3904BF4B20BD324D00CA6582 /* Info.plist */ = {isa = PBXFileReference; lastKnownFileType = text.plist.xml; path = Info.plist; sourceTree = "<group>"; };
		3904BF5020BD324D00CA6582 /* HiphopUITests.xctest */ = {isa = PBXFileReference; explicitFileType = wrapper.cfbundle; includeInIndex = 0; path = HiphopUITests.xctest; sourceTree = BUILT_PRODUCTS_DIR; };
		3904BF5420BD324D00CA6582 /* HiphopUITests.m */ = {isa = PBXFileReference; lastKnownFileType = sourcecode.c.objc; path = HiphopUITests.m; sourceTree = "<group>"; };
		3904BF5620BD324D00CA6582 /* Info.plist */ = {isa = PBXFileReference; lastKnownFileType = text.plist.xml; path = Info.plist; sourceTree = "<group>"; };
/* End PBXFileReference section */

/* Begin PBXFrameworksBuildPhase section */
		3904BF2A20BD323400CA6582 /* Frameworks */ = {
			isa = PBXFrameworksBuildPhase;
			buildActionMask = 2147483647;
			files = (
			);
			runOnlyForDeploymentPostprocessing = 0;
		};
		3904BF4220BD324D00CA6582 /* Frameworks */ = {
			isa = PBXFrameworksBuildPhase;
			buildActionMask = 2147483647;
			files = (
			);
			runOnlyForDeploymentPostprocessing = 0;
		};
		3904BF4D20BD324D00CA6582 /* Frameworks */ = {
			isa = PBXFrameworksBuildPhase;
			buildActionMask = 2147483647;
			files = (
			);
			runOnlyForDeploymentPostprocessing = 0;
		};
/* End PBXFrameworksBuildPhase section */

/* Begin PBXGroup section */
		3904BF2420BD323400CA6582 = {
			isa = PBXGroup;
			children = (
				3904BF2F20BD323400CA6582 /* Hiphop */,
				3904BF4820BD324D00CA6582 /* HiphopTests */,
				3904BF5320BD324D00CA6582 /* HiphopUITests */,
				3904BF2E20BD323400CA6582 /* Products */,
			);
			sourceTree = "<group>";
		};
		3904BF2E20BD323400CA6582 /* Products */ = {
			isa = PBXGroup;
			children = (
				3904BF2D20BD323400CA6582 /* Hiphop.app */,
				3904BF4520BD324D00CA6582 /* HiphopTests.xctest */,
				3904BF5020BD324D00CA6582 /* HiphopUITests.xctest */,
			);
			name = Products;
			sourceTree = "<group>";
		};
		3904BF2F20BD323400CA6582 /* Hiphop */ = {
			isa = PBXGroup;
			children = (
				3904BF3020BD323400CA6582 /* AppDelegate.h */,
				3904BF3120BD323400CA6582 /* AppDelegate.m */,
				3904BF3320BD323500CA6582 /* ViewController.h */,
				3904BF3420BD323500CA6582 /* ViewController.m */,
				3904BF3620BD323500CA6582 /* Main.storyboard */,
				3904BF3920BD324D00CA6582 /* Assets.xcassets */,
				3904BF3B20BD324D00CA6582 /* LaunchScreen.storyboard */,
				3904BF3E20BD324D00CA6582 /* Info.plist */,
				3904BF3F20BD324D00CA6582 /* main.m */,
			);
			path = Hiphop;
			sourceTree = "<group>";
		};
		3904BF4820BD324D00CA6582 /* HiphopTests */ = {
			isa = PBXGroup;
			children = (
				3904BF4920BD324D00CA6582 /* HiphopTests.m */,
				3904BF4B20BD324D00CA6582 /* Info.plist */,
			);
			path = HiphopTests;
			sourceTree = "<group>";
		};
		3904BF5320BD324D00CA6582 /* HiphopUITests */ = {
			isa = PBXGroup;
			children = (
				3904BF5420BD324D00CA6582 /* HiphopUITests.m */,
				3904BF5620BD324D00CA6582 /* Info.plist */,
			);
			path = HiphopUITests;
			sourceTree = "<group>";
		};
/* End PBXGroup section */

/* Begin PBXNativeTarget section */
		3904BF2C20BD323400CA6582 /* Hiphop */ = {
			isa = PBXNativeTarget;
			buildConfigurationList = 3904BF5920BD324D00CA6582 /* Build configuration list for PBXNativeTarget "Hiphop" */;
			buildPhases = (
				3904BF2920BD323400CA6582 /* Sources */,
				3904BF2A20BD323400CA6582 /* Frameworks */,
				3904BF2B20BD323400CA6582 /* Resources */,
			);
			buildRules = (
			);
			dependencies = (
			);
			name = Hiphop;
			productName = Hiphop;
			productReference = 3904BF2D20BD323400CA6582 /* Hiphop.app */;
			productType = "com.apple.product-type.application";
		};
		3904BF4420BD324D00CA6582 /* HiphopTests */ = {
			isa = PBXNativeTarget;
			buildConfigurationList = 3904BF5C20BD324D00CA6582 /* Build configuration list for PBXNativeTarget "HiphopTests" */;
			buildPhases = (
				3904BF4120BD324D00CA6582 /* Sources */,
				3904BF4220BD324D00CA6582 /* Frameworks */,
				3904BF4320BD324D00CA6582 /* Resources */,
			);
			buildRules = (
			);
			dependencies = (
				3904BF4720BD324D00CA6582 /* PBXTargetDependency */,
			);
			name = HiphopTests;
			productName = HiphopTests;
			productReference = 3904BF4520BD324D00CA6582 /* HiphopTests.xctest */;
			productType = "com.apple.product-type.bundle.unit-test";
		};
		3904BF4F20BD324D00CA6582 /* HiphopUITests */ = {
			isa = PBXNativeTarget;
			buildConfigurationList = 3904BF5F20BD324D00CA6582 /* Build configuration list for PBXNativeTarget "HiphopUITests" */;
			buildPhases = (
				3904BF4C20BD324D00CA6582 /* Sources */,
				3904BF4D20BD324D00CA6582 /* Frameworks */,
				3904BF4E20BD324D00CA6582 /* Resources */,
			);
			buildRules = (
			);
			dependencies = (
				3904BF5220BD324D00CA6582 /* PBXTargetDependency */,
			);
			name = HiphopUITests;
			productName = HiphopUITests;
			productReference = 3904BF5020BD324D00CA6582 /* HiphopUITests.xctest */;
			productType = "com.apple.product-type.bundle.ui-testing";
		};
/* End PBXNativeTarget section */

/* Begin PBXProject section */
		3904BF2520BD323400CA6582 /* Project object */ = {
			isa = PBXProject;
			attributes = {
				LastUpgradeCheck = 0930;
				ORGANIZATIONNAME = "黄 剑冰";
				TargetAttributes = {
					3904BF2C20BD323400CA6582 = {
						CreatedOnToolsVersion = 9.3.1;
					};
					3904BF4420BD324D00CA6582 = {
						CreatedOnToolsVersion = 9.3.1;
						TestTargetID = 3904BF2C20BD323400CA6582;
					};
					3904BF4F20BD324D00CA6582 = {
						CreatedOnToolsVersion = 9.3.1;
						TestTargetID = 3904BF2C20BD323400CA6582;
					};
				};
			};
			buildConfigurationList = 3904BF2820BD323400CA6582 /* Build configuration list for PBXProject "Hiphop" */;
			compatibilityVersion = "Xcode 9.3";
			developmentRegion = en;
			hasScannedForEncodings = 0;
			knownRegions = (
				en,
				Base,
			);
			mainGroup = 3904BF2420BD323400CA6582;
			productRefGroup = 3904BF2E20BD323400CA6582 /* Products */;
			projectDirPath = "";
			projectRoot = "";
			targets = (
				3904BF2C20BD323400CA6582 /* Hiphop */,
				3904BF4420BD324D00CA6582 /* HiphopTests */,
				3904BF4F20BD324D00CA6582 /* HiphopUITests */,
			);
		};
/* End PBXProject section */

/* Begin PBXResourcesBuildPhase section */
		3904BF2B20BD323400CA6582 /* Resources */ = {
			isa = PBXResourcesBuildPhase;
			buildActionMask = 2147483647;
			files = (
				3904BF3D20BD324D00CA6582 /* LaunchScreen.storyboard in Resources */,
				3904BF3A20BD324D00CA6582 /* Assets.xcassets in Resources */,
				3904BF3820BD323500CA6582 /* Main.storyboard in Resources */,
			);
			runOnlyForDeploymentPostprocessing = 0;
		};
		3904BF4320BD324D00CA6582 /* Resources */ = {
			isa = PBXResourcesBuildPhase;
			buildActionMask = 2147483647;
			files = (
			);
			runOnlyForDeploymentPostprocessing = 0;
		};
		3904BF4E20BD324D00CA6582 /* Resources */ = {
			isa = PBXResourcesBuildPhase;
			buildActionMask = 2147483647;
			files = (
			);
			runOnlyForDeploymentPostprocessing = 0;
		};
/* End PBXResourcesBuildPhase section */

/* Begin PBXSourcesBuildPhase section */
		3904BF2920BD323400CA6582 /* Sources */ = {
			isa = PBXSourcesBuildPhase;
			buildActionMask = 2147483647;
			files = (
				3904BF3520BD323500CA6582 /* ViewController.m in Sources */,
				3904BF4020BD324D00CA6582 /* main.m in Sources */,
				3904BF3220BD323400CA6582 /* AppDelegate.m in Sources */,
			);
			runOnlyForDeploymentPostprocessing = 0;
		};
		3904BF4120BD324D00CA6582 /* Sources */ = {
			isa = PBXSourcesBuildPhase;
			buildActionMask = 2147483647;
			files = (
				3904BF4A20BD324D00CA6582 /* HiphopTests.m in Sources */,
			);
			runOnlyForDeploymentPostprocessing = 0;
		};
		3904BF4C20BD324D00CA6582 /* Sources */ = {
			isa = PBXSourcesBuildPhase;
			buildActionMask = 2147483647;
			files = (
				3904BF5520BD324D00CA6582 /* HiphopUITests.m in Sources */,
			);
			runOnlyForDeploymentPostprocessing = 0;
		};
/* End PBXSourcesBuildPhase section */

/* Begin PBXTargetDependency section */
		3904BF4720BD324D00CA6582 /* PBXTargetDependency */ = {
			isa = PBXTargetDependency;
			target = 3904BF2C20BD323400CA6582 /* Hiphop */;
			targetProxy = 3904BF4620BD324D00CA6582 /* PBXContainerItemProxy */;
		};
		3904BF5220BD324D00CA6582 /* PBXTargetDependency */ = {
			isa = PBXTargetDependency;
			target = 3904BF2C20BD323400CA6582 /* Hiphop */;
			targetProxy = 3904BF5120BD324D00CA6582 /* PBXContainerItemProxy */;
		};
/* End PBXTargetDependency section */

/* Begin PBXVariantGroup section */
		3904BF3620BD323500CA6582 /* Main.storyboard */ = {
			isa = PBXVariantGroup;
			children = (
				3904BF3720BD323500CA6582 /* Base */,
			);
			name = Main.storyboard;
			sourceTree = "<group>";
		};
		3904BF3B20BD324D00CA6582 /* LaunchScreen.storyboard */ = {
			isa = PBXVariantGroup;
			children = (
				3904BF3C20BD324D00CA6582 /* Base */,
			);
			name = LaunchScreen.storyboard;
			sourceTree = "<group>";
		};
/* End PBXVariantGroup section */

/* Begin XCBuildConfiguration section */
		3904BF5720BD324D00CA6582 /* Debug */ = {
			isa = XCBuildConfiguration;
			buildSettings = {
				ALWAYS_SEARCH_USER_PATHS = NO;
				CLANG_ANALYZER_NONNULL = YES;
				CLANG_ANALYZER_NUMBER_OBJECT_CONVERSION = YES_AGGRESSIVE;
				CLANG_CXX_LANGUAGE_STANDARD = "gnu++14";
				CLANG_CXX_LIBRARY = "libc++";
				CLANG_ENABLE_MODULES = YES;
				CLANG_ENABLE_OBJC_ARC = YES;
				CLANG_ENABLE_OBJC_WEAK = YES;
				CLANG_WARN_BLOCK_CAPTURE_AUTORELEASING = YES;
				CLANG_WARN_BOOL_CONVERSION = YES;
				CLANG_WARN_COMMA = YES;
				CLANG_WARN_CONSTANT_CONVERSION = YES;
				CLANG_WARN_DEPRECATED_OBJC_IMPLEMENTATIONS = YES;
				CLANG_WARN_DIRECT_OBJC_ISA_USAGE = YES_ERROR;
				CLANG_WARN_DOCUMENTATION_COMMENTS = YES;
				CLANG_WARN_EMPTY_BODY = YES;
				CLANG_WARN_ENUM_CONVERSION = YES;
				CLANG_WARN_INFINITE_RECURSION = YES;
				CLANG_WARN_INT_CONVERSION = YES;
				CLANG_WARN_NON_LITERAL_NULL_CONVERSION = YES;
				CLANG_WARN_OBJC_IMPLICIT_RETAIN_SELF = YES;
				CLANG_WARN_OBJC_LITERAL_CONVERSION = YES;
				CLANG_WARN_OBJC_ROOT_CLASS = YES_ERROR;
				CLANG_WARN_RANGE_LOOP_ANALYSIS = YES;
				CLANG_WARN_STRICT_PROTOTYPES = YES;
				CLANG_WARN_SUSPICIOUS_MOVE = YES;
				CLANG_WARN_UNGUARDED_AVAILABILITY = YES_AGGRESSIVE;
				CLANG_WARN_UNREACHABLE_CODE = YES;
				CLANG_WARN__DUPLICATE_METHOD_MATCH = YES;
				CODE_SIGN_IDENTITY = "iPhone Developer";
				COPY_PHASE_STRIP = NO;
				DEBUG_INFORMATION_FORMAT = dwarf;
				ENABLE_STRICT_OBJC_MSGSEND = YES;
				ENABLE_TESTABILITY = YES;
				GCC_C_LANGUAGE_STANDARD = gnu11;
				GCC_DYNAMIC_NO_PIC = NO;
				GCC_NO_COMMON_BLOCKS = YES;
				GCC_OPTIMIZATION_LEVEL = 0;
				GCC_PREPROCESSOR_DEFINITIONS = (
					"DEBUG=1",
					"$(inherited)",
				);
				GCC_WARN_64_TO_32_BIT_CONVERSION = YES;
				GCC_WARN_ABOUT_RETURN_TYPE = YES_ERROR;
				GCC_WARN_UNDECLARED_SELECTOR = YES;
				GCC_WARN_UNINITIALIZED_AUTOS = YES_AGGRESSIVE;
				GCC_WARN_UNUSED_FUNCTION = YES;
				GCC_WARN_UNUSED_VARIABLE = YES;
				IPHONEOS_DEPLOYMENT_TARGET = 11.3;
				MTL_ENABLE_DEBUG_INFO = YES;
				ONLY_ACTIVE_ARCH = YES;
				SDKROOT = iphoneos;
			};
			name = Debug;
		};
		3904BF5820BD324D00CA6582 /* Release */ = {
			isa = XCBuildConfiguration;
			buildSettings = {
				ALWAYS_SEARCH_USER_PATHS = NO;
				CLANG_ANALYZER_NONNULL = YES;
				CLANG_ANALYZER_NUMBER_OBJECT_CONVERSION = YES_AGGRESSIVE;
				CLANG_CXX_LANGUAGE_STANDARD = "gnu++14";
				CLANG_CXX_LIBRARY = "libc++";
				CLANG_ENABLE_MODULES = YES;
				CLANG_ENABLE_OBJC_ARC = YES;
				CLANG_ENABLE_OBJC_WEAK = YES;
				CLANG_WARN_BLOCK_CAPTURE_AUTORELEASING = YES;
				CLANG_WARN_BOOL_CONVERSION = YES;
				CLANG_WARN_COMMA = YES;
				CLANG_WARN_CONSTANT_CONVERSION = YES;
				CLANG_WARN_DEPRECATED_OBJC_IMPLEMENTATIONS = YES;
				CLANG_WARN_DIRECT_OBJC_ISA_USAGE = YES_ERROR;
				CLANG_WARN_DOCUMENTATION_COMMENTS = YES;
				CLANG_WARN_EMPTY_BODY = YES;
				CLANG_WARN_ENUM_CONVERSION = YES;
				CLANG_WARN_INFINITE_RECURSION = YES;
				CLANG_WARN_INT_CONVERSION = YES;
				CLANG_WARN_NON_LITERAL_NULL_CONVERSION = YES;
				CLANG_WARN_OBJC_IMPLICIT_RETAIN_SELF = YES;
				CLANG_WARN_OBJC_LITERAL_CONVERSION = YES;
				CLANG_WARN_OBJC_ROOT_CLASS = YES_ERROR;
				CLANG_WARN_RANGE_LOOP_ANALYSIS = YES;
				CLANG_WARN_STRICT_PROTOTYPES = YES;
				CLANG_WARN_SUSPICIOUS_MOVE = YES;
				CLANG_WARN_UNGUARDED_AVAILABILITY = YES_AGGRESSIVE;
				CLANG_WARN_UNREACHABLE_CODE = YES;
				CLANG_WARN__DUPLICATE_METHOD_MATCH = YES;
				CODE_SIGN_IDENTITY = "iPhone Developer";
				COPY_PHASE_STRIP = NO;
				DEBUG_INFORMATION_FORMAT = "dwarf-with-dsym";
				ENABLE_NS_ASSERTIONS = NO;
				ENABLE_STRICT_OBJC_MSGSEND = YES;
				GCC_C_LANGUAGE_STANDARD = gnu11;
				GCC_NO_COMMON_BLOCKS = YES;
				GCC_WARN_64_TO_32_BIT_CONVERSION = YES;
				GCC_WARN_ABOUT_RETURN_TYPE = YES_ERROR;
				GCC_WARN_UNDECLARED_SELECTOR = YES;
				GCC_WARN_UNINITIALIZED_AUTOS = YES_AGGRESSIVE;
				GCC_WARN_UNUSED_FUNCTION = YES;
				GCC_WARN_UNUSED_VARIABLE = YES;
				IPHONEOS_DEPLOYMENT_TARGET = 11.3;
				MTL_ENABLE_DEBUG_INFO = NO;
				SDKROOT = iphoneos;
				VALIDATE_PRODUCT = YES;
			};
			name = Release;
		};
		3904BF5A20BD324D00CA6582 /* Debug */ = {
			isa = XCBuildConfiguration;
			buildSettings = {
				ASSETCATALOG_COMPILER_APPICON_NAME = AppIcon;
				CODE_SIGN_STYLE = Automatic;
				DEVELOPMENT_TEAM = 94TY656Q5Y;
				INFOPLIST_FILE = Hiphop/Info.plist;
				LD_RUNPATH_SEARCH_PATHS = (
					"$(inherited)",
					"@executable_path/Frameworks",
				);
				PRODUCT_BUNDLE_IDENTIFIER = com.Hiphop;
				PRODUCT_NAME = "$(TARGET_NAME)";
				TARGETED_DEVICE_FAMILY = "1,2";
			};
			name = Debug;
		};
		3904BF5B20BD324D00CA6582 /* Release */ = {
			isa = XCBuildConfiguration;
			buildSettings = {
				ASSETCATALOG_COMPILER_APPICON_NAME = AppIcon;
				CODE_SIGN_STYLE = Automatic;
				DEVELOPMENT_TEAM = 94TY656Q5Y;
				INFOPLIST_FILE = Hiphop/Info.plist;
				LD_RUNPATH_SEARCH_PATHS = (
					"$(inherited)",
					"@executable_path/Frameworks",
				);
				PRODUCT_BUNDLE_IDENTIFIER = com.Hiphop;
				PRODUCT_NAME = "$(TARGET_NAME)";
				TARGETED_DEVICE_FAMILY = "1,2";
			};
			name = Release;
		};
		3904BF5D20BD324D00CA6582 /* Debug */ = {
			isa = XCBuildConfiguration;
			buildSettings = {
				BUNDLE_LOADER = "$(TEST_HOST)";
				CODE_SIGN_STYLE = Automatic;
				DEVELOPMENT_TEAM = 94TY656Q5Y;
				INFOPLIST_FILE = HiphopTests/Info.plist;
				LD_RUNPATH_SEARCH_PATHS = (
					"$(inherited)",
					"@executable_path/Frameworks",
					"@loader_path/Frameworks",
				);
				PRODUCT_BUNDLE_IDENTIFIER = com.HiphopTests;
				PRODUCT_NAME = "$(TARGET_NAME)";
				TARGETED_DEVICE_FAMILY = "1,2";
				TEST_HOST = "$(BUILT_PRODUCTS_DIR)/Hiphop.app/Hiphop";
			};
			name = Debug;
		};
		3904BF5E20BD324D00CA6582 /* Release */ = {
			isa = XCBuildConfiguration;
			buildSettings = {
				BUNDLE_LOADER = "$(TEST_HOST)";
				CODE_SIGN_STYLE = Automatic;
				DEVELOPMENT_TEAM = 94TY656Q5Y;
				INFOPLIST_FILE = HiphopTests/Info.plist;
				LD_RUNPATH_SEARCH_PATHS = (
					"$(inherited)",
					"@executable_path/Frameworks",
					"@loader_path/Frameworks",
				);
				PRODUCT_BUNDLE_IDENTIFIER = com.HiphopTests;
				PRODUCT_NAME = "$(TARGET_NAME)";
				TARGETED_DEVICE_FAMILY = "1,2";
				TEST_HOST = "$(BUILT_PRODUCTS_DIR)/Hiphop.app/Hiphop";
			};
			name = Release;
		};
		3904BF6020BD324D00CA6582 /* Debug */ = {
			isa = XCBuildConfiguration;
			buildSettings = {
				CODE_SIGN_STYLE = Automatic;
				DEVELOPMENT_TEAM = 94TY656Q5Y;
				INFOPLIST_FILE = HiphopUITests/Info.plist;
				LD_RUNPATH_SEARCH_PATHS = (
					"$(inherited)",
					"@executable_path/Frameworks",
					"@loader_path/Frameworks",
				);
				PRODUCT_BUNDLE_IDENTIFIER = com.HiphopUITests;
				PRODUCT_NAME = "$(TARGET_NAME)";
				TARGETED_DEVICE_FAMILY = "1,2";
				TEST_TARGET_NAME = Hiphop;
			};
			name = Debug;
		};
		3904BF6120BD324D00CA6582 /* Release */ = {
			isa = XCBuildConfiguration;
			buildSettings = {
				CODE_SIGN_STYLE = Automatic;
				DEVELOPMENT_TEAM = 94TY656Q5Y;
				INFOPLIST_FILE = HiphopUITests/Info.plist;
				LD_RUNPATH_SEARCH_PATHS = (
					"$(inherited)",
					"@executable_path/Frameworks",
					"@loader_path/Frameworks",
				);
				PRODUCT_BUNDLE_IDENTIFIER = com.HiphopUITests;
				PRODUCT_NAME = "$(TARGET_NAME)";
				TARGETED_DEVICE_FAMILY = "1,2";
				TEST_TARGET_NAME = Hiphop;
			};
			name = Release;
		};
/* End XCBuildConfiguration section */

/* Begin XCConfigurationList section */
		3904BF2820BD323400CA6582 /* Build configuration list for PBXProject "Hiphop" */ = {
			isa = XCConfigurationList;
			buildConfigurations = (
				3904BF5720BD324D00CA6582 /* Debug */,
				3904BF5820BD324D00CA6582 /* Release */,
			);
			defaultConfigurationIsVisible = 0;
			defaultConfigurationName = Release;
		};
		3904BF5920BD324D00CA6582 /* Build configuration list for PBXNativeTarget "Hiphop" */ = {
			isa = XCConfigurationList;
			buildConfigurations = (
				3904BF5A20BD324D00CA6582 /* Debug */,
				3904BF5B20BD324D00CA6582 /* Release */,
			);
			defaultConfigurationIsVisible = 0;
			defaultConfigurationName = Release;
		};
		3904BF5C20BD324D00CA6582 /* Build configuration list for PBXNativeTarget "HiphopTests" */ = {
			isa = XCConfigurationList;
			buildConfigurations = (
				3904BF5D20BD324D00CA6582 /* Debug */,
				3904BF5E20BD324D00CA6582 /* Release */,
			);
			defaultConfigurationIsVisible = 0;
			defaultConfigurationName = Release;
		};
		3904BF5F20BD324D00CA6582 /* Build configuration list for PBXNativeTarget "HiphopUITests" */ = {
			isa = XCConfigurationList;
			buildConfigurations = (
				3904BF6020BD324D00CA6582 /* Debug */,
				3904BF6120BD324D00CA6582 /* Release */,
			);
			defaultConfigurationIsVisible = 0;
			defaultConfigurationName = Release;
		};
/* End XCConfigurationList section */
	};
	rootObject = 3904BF2520BD323400CA6582 /* Project object */;
}
